# THIS IS AN AUTOGENERATED FILE. DO NOT EDIT THIS FILE DIRECTLY.
# yarn lockfile v1


"@types/estree@0.0.39":
  version "0.0.39"
  resolved "https://registry.npm.taobao.org/@types/estree/download/@types/estree-0.0.39.tgz#e177e699ee1b8c22d23174caaa7422644389509f"
  integrity sha1-4Xfmme4bjCLSMXTKqnQiZEOJUJ8=

"@types/node@^12.0.10":
  version "12.0.10"
  resolved "https://registry.npm.taobao.org/@types/node/download/@types/node-12.0.10.tgz#51babf9c7deadd5343620055fc8aff7995c8b031"
  integrity sha1-Ubq/nH3q3VNDYgBV/Ir/eZXIsDE=

acorn@^6.1.1:
  version "6.1.1"
  resolved "https://registry.npm.taobao.org/acorn/download/acorn-6.1.1.tgz#7d25ae05bb8ad1f9b699108e1094ecd7884adc1f"
  integrity sha1-fSWuBbuK0fm2mRCOEJTs14hK3B8=

rollup@^1.16.4:
  version "1.16.4"
  resolved "https://registry.npm.taobao.org/rollup/download/rollup-1.16.4.tgz#0a13bace39cf6c1784781e383e605d1b6274c2f4"
  integrity sha1-ChO6zjnPbBeEeB44PmBdG2J0wvQ=
  dependencies:
    "@types/estree" "0.0.39"
    "@types/node" "^12.0.10"
    acorn "^6.1.1"
